
Microsoft Visual Studio Solution File, Format Version 12.00
# Visual Studio Version 17
VisualStudioVersion = 17.8.34330.188
MinimumVisualStudioVersion = 10.0.40219.1
Project("{9A19103F-16F7-4668-BE54-9A1E7A4F7556}") = "RabbitMQandIHostedService", "RabbitMQandIHostedService\RabbitMQandIHostedService.csproj", "{194C8493-A558-4555-8B55-A9E80E7D8CB6}"
EndProject
Project("{FAE04EC0-301F-11D3-BF4B-00C04F79EFBC}") = "RabbitMQProduct.Consumer", "RabbitMQProduct.Consumer\RabbitMQProduct.Consumer.csproj", "{589AAF35-0355-4452-8004-F7D179581CD4}"
EndProject
Global
	GlobalSection(SolutionConfigurationPlatforms) = preSolution
		Debug|Any CPU = Debug|Any CPU
		Release|Any CPU = Release|Any CPU
	EndGlobalSection
	GlobalSection(ProjectConfigurationPlatforms) = postSolution
		{194C8493-A558-4555-8B55-A9E80E7D8CB6}.Debug|Any CPU.ActiveCfg = Debug|Any CPU
		{194C8493-A558-4555-8B55-A9E80E7D8CB6}.Debug|Any CPU.Build.0 = Debug|Any CPU
		{194C8493-A558-4555-8B55-A9E80E7D8CB6}.Release|Any CPU.ActiveCfg = Release|Any CPU
		{194C8493-A558-4555-8B55-A9E80E7D8CB6}.Release|Any CPU.Build.0 = Release|Any CPU
		{589AAF35-0355-4452-8004-F7D179581CD4}.Debug|Any CPU.ActiveCfg = Debug|Any CPU
		{589AAF35-0355-4452-8004-F7D179581CD4}.Debug|Any CPU.Build.0 = Debug|Any CPU
		{589AAF35-0355-4452-8004-F7D179581CD4}.Release|Any CPU.ActiveCfg = Release|Any CPU
		{589AAF35-0355-4452-8004-F7D179581CD4}.Release|Any CPU.Build.0 = Release|Any CPU
	EndGlobalSection
	GlobalSection(SolutionProperties) = preSolution
		HideSolutionNode = FALSE
	EndGlobalSection
	GlobalSection(ExtensibilityGlobals) = postSolution
		SolutionGuid = {750C7895-AAF9-4D98-AEC0-940138A5E37F}
	EndGlobalSection
EndGlobal
